
Microsoft Visual Studio Solution File, Format Version 12.00
# Visual Studio Version 17
VisualStudioVersion = 17.0.31903.59
MinimumVisualStudioVersion = 10.0.40219.1
Project("{2150E333-8FDC-42A3-9474-1A3956D46DE8}") = "src", "src", "{C873FDB9-4542-430E-8F37-67AFF6A92CD4}"
EndProject
Project("{FAE04EC0-301F-11D3-BF4B-00C04F79EFBC}") = "API", "src\API\API.csproj", "{0F418008-52C2-47AD-A4B4-29CEBAB3A34E}"
EndProject
Project("{FAE04EC0-301F-11D3-BF4B-00C04F79EFBC}") = "Application", "src\Application\Application.csproj", "{9716ACA9-C9BE-4B50-800E-4D102696C662}"
EndProject
Project("{FAE04EC0-301F-11D3-BF4B-00C04F79EFBC}") = "Domain", "src\Domain\Domain.csproj", "{9194B14B-6A15-49FD-86C4-43D2EABA70FB}"
EndProject
Project("{FAE04EC0-301F-11D3-BF4B-00C04F79EFBC}") = "Infrastructure", "src\Infrastructure\Infrastructure.csproj", "{E0F30897-EBFE-414B-AB69-129A180FD1D6}"
EndProject
Global
	GlobalSection(SolutionConfigurationPlatforms) = preSolution
		Debug|Any CPU = Debug|Any CPU
		Release|Any CPU = Release|Any CPU
	EndGlobalSection
	GlobalSection(SolutionProperties) = preSolution
		HideSolutionNode = FALSE
	EndGlobalSection
	GlobalSection(ProjectConfigurationPlatforms) = postSolution
		{0F418008-52C2-47AD-A4B4-29CEBAB3A34E}.Debug|Any CPU.ActiveCfg = Debug|Any CPU
		{0F418008-52C2-47AD-A4B4-29CEBAB3A34E}.Debug|Any CPU.Build.0 = Debug|Any CPU
		{0F418008-52C2-47AD-A4B4-29CEBAB3A34E}.Release|Any CPU.ActiveCfg = Release|Any CPU
		{0F418008-52C2-47AD-A4B4-29CEBAB3A34E}.Release|Any CPU.Build.0 = Release|Any CPU
		{9716ACA9-C9BE-4B50-800E-4D102696C662}.Debug|Any CPU.ActiveCfg = Debug|Any CPU
		{9716ACA9-C9BE-4B50-800E-4D102696C662}.Debug|Any CPU.Build.0 = Debug|Any CPU
		{9716ACA9-C9BE-4B50-800E-4D102696C662}.Release|Any CPU.ActiveCfg = Release|Any CPU
		{9716ACA9-C9BE-4B50-800E-4D102696C662}.Release|Any CPU.Build.0 = Release|Any CPU
		{9194B14B-6A15-49FD-86C4-43D2EABA70FB}.Debug|Any CPU.ActiveCfg = Debug|Any CPU
		{9194B14B-6A15-49FD-86C4-43D2EABA70FB}.Debug|Any CPU.Build.0 = Debug|Any CPU
		{9194B14B-6A15-49FD-86C4-43D2EABA70FB}.Release|Any CPU.ActiveCfg = Release|Any CPU
		{9194B14B-6A15-49FD-86C4-43D2EABA70FB}.Release|Any CPU.Build.0 = Release|Any CPU
		{E0F30897-EBFE-414B-AB69-129A180FD1D6}.Debug|Any CPU.ActiveCfg = Debug|Any CPU
		{E0F30897-EBFE-414B-AB69-129A180FD1D6}.Debug|Any CPU.Build.0 = Debug|Any CPU
		{E0F30897-EBFE-414B-AB69-129A180FD1D6}.Release|Any CPU.ActiveCfg = Release|Any CPU
		{E0F30897-EBFE-414B-AB69-129A180FD1D6}.Release|Any CPU.Build.0 = Release|Any CPU
	EndGlobalSection
	GlobalSection(NestedProjects) = preSolution
		{0F418008-52C2-47AD-A4B4-29CEBAB3A34E} = {C873FDB9-4542-430E-8F37-67AFF6A92CD4}
		{9716ACA9-C9BE-4B50-800E-4D102696C662} = {C873FDB9-4542-430E-8F37-67AFF6A92CD4}
		{9194B14B-6A15-49FD-86C4-43D2EABA70FB} = {C873FDB9-4542-430E-8F37-67AFF6A92CD4}
		{E0F30897-EBFE-414B-AB69-129A180FD1D6} = {C873FDB9-4542-430E-8F37-67AFF6A92CD4}
	EndGlobalSection
EndGlobal
